// !$*UTF8*$!
{
	archiveVersion = 1;
	classes = {
	};
	objectVersion = 46;
	objects = {

/* Begin PBXBuildFile section */
		B13697B7EBBF7A724D86F018 /* Pods_RainyShiny.framework in Frameworks */ = {isa = PBXBuildFile; fileRef = C6832AB85115E085ACCC70A8 /* Pods_RainyShiny.framework */; };
		D78B0B391EA77FC0000E339F /* Constants.swift in Sources */ = {isa = PBXBuildFile; fileRef = D78B0B381EA77FC0000E339F /* Constants.swift */; };
		D78B0B3B1EA7845D000E339F /* CurrentWeather.swift in Sources */ = {isa = PBXBuildFile; fileRef = D78B0B3A1EA7845D000E339F /* CurrentWeather.swift */; };
		D7F5E3821EA634A600FB9829 /* AppDelegate.swift in Sources */ = {isa = PBXBuildFile; fileRef = D7F5E3811EA634A600FB9829 /* AppDelegate.swift */; };
		D7F5E3841EA634A600FB9829 /* WeatherVC.swift in Sources */ = {isa = PBXBuildFile; fileRef = D7F5E3831EA634A600FB9829 /* WeatherVC.swift */; };
		D7F5E3871EA634A600FB9829 /* Main.storyboard in Resources */ = {isa = PBXBuildFile; fileRef = D7F5E3851EA634A600FB9829 /* Main.storyboard */; };
		D7F5E3891EA634A600FB9829 /* Assets.xcassets in Resources */ = {isa = PBXBuildFile; fileRef = D7F5E3881EA634A600FB9829 /* Assets.xcassets */; };
		D7F5E38C1EA634A600FB9829 /* LaunchScreen.storyboard in Resources */ = {isa = PBXBuildFile; fileRef = D7F5E38A1EA634A600FB9829 /* LaunchScreen.storyboard */; };
		D7F5E3971EA634A600FB9829 /* RainyShinyTests.swift in Sources */ = {isa = PBXBuildFile; fileRef = D7F5E3961EA634A600FB9829 /* RainyShinyTests.swift */; };
		D7F5E3A21EA634A600FB9829 /* RainyShinyUITests.swift in Sources */ = {isa = PBXBuildFile; fileRef = D7F5E3A11EA634A600FB9829 /* RainyShinyUITests.swift */; };
/* End PBXBuildFile section */

/* Begin PBXContainerItemProxy section */
		D7F5E3931EA634A600FB9829 /* PBXContainerItemProxy */ = {
			isa = PBXContainerItemProxy;
			containerPortal = D7F5E3761EA634A500FB9829 /* Project object */;
			proxyType = 1;
			remoteGlobalIDString = D7F5E37D1EA634A500FB9829;
			remoteInfo = RainyShiny;
		};
		D7F5E39E1EA634A600FB9829 /* PBXContainerItemProxy */ = {
			isa = PBXContainerItemProxy;
			containerPortal = D7F5E3761EA634A500FB9829 /* Project object */;
			proxyType = 1;
			remoteGlobalIDString = D7F5E37D1EA634A500FB9829;
			remoteInfo = RainyShiny;
		};
/* End PBXContainerItemProxy section */

/* Begin PBXFileReference section */
		5F61BC8137592F8E2DB5D435 /* Pods-RainyShiny.release.xcconfig */ = {isa = PBXFileReference; includeInIndex = 1; lastKnownFileType = text.xcconfig; name = "Pods-RainyShiny.release.xcconfig"; path = "Pods/Target Support Files/Pods-RainyShiny/Pods-RainyShiny.release.xcconfig"; sourceTree = "<group>"; };
		BA21554E6EB30C3A51FE8D36 /* Pods-RainyShiny.debug.xcconfig */ = {isa = PBXFileReference; includeInIndex = 1; lastKnownFileType = text.xcconfig; name = "Pods-RainyShiny.debug.xcconfig"; path = "Pods/Target Support Files/Pods-RainyShiny/Pods-RainyShiny.debug.xcconfig"; sourceTree = "<group>"; };
		C6832AB85115E085ACCC70A8 /* Pods_RainyShiny.framework */ = {isa = PBXFileReference; explicitFileType = wrapper.framework; includeInIndex = 0; path = Pods_RainyShiny.framework; sourceTree = BUILT_PRODUCTS_DIR; };
		D78B0B381EA77FC0000E339F /* Constants.swift */ = {isa = PBXFileReference; fileEncoding = 4; lastKnownFileType = sourcecode.swift; path = Constants.swift; sourceTree = "<group>"; };
		D78B0B3A1EA7845D000E339F /* CurrentWeather.swift */ = {isa = PBXFileReference; fileEncoding = 4; lastKnownFileType = sourcecode.swift; path = CurrentWeather.swift; sourceTree = "<group>"; };
		D7F5E37E1EA634A600FB9829 /* RainyShiny.app */ = {isa = PBXFileReference; explicitFileType = wrapper.application; includeInIndex = 0; path = RainyShiny.app; sourceTree = BUILT_PRODUCTS_DIR; };
		D7F5E3811EA634A600FB9829 /* AppDelegate.swift */ = {isa = PBXFileReference; lastKnownFileType = sourcecode.swift; path = AppDelegate.swift; sourceTree = "<group>"; };
		D7F5E3831EA634A600FB9829 /* WeatherVC.swift */ = {isa = PBXFileReference; lastKnownFileType = sourcecode.swift; path = WeatherVC.swift; sourceTree = "<group>"; };
		D7F5E3861EA634A600FB9829 /* Base */ = {isa = PBXFileReference; lastKnownFileType = file.storyboard; name = Base; path = Base.lproj/Main.storyboard; sourceTree = "<group>"; };
		D7F5E3881EA634A600FB9829 /* Assets.xcassets */ = {isa = PBXFileReference; lastKnownFileType = folder.assetcatalog; path = Assets.xcassets; sourceTree = "<group>"; };
		D7F5E38B1EA634A600FB9829 /* Base */ = {isa = PBXFileReference; lastKnownFileType = file.storyboard; name = Base; path = Base.lproj/LaunchScreen.storyboard; sourceTree = "<group>"; };
		D7F5E38D1EA634A600FB9829 /* Info.plist */ = {isa = PBXFileReference; lastKnownFileType = text.plist.xml; path = Info.plist; sourceTree = "<group>"; };
		D7F5E3921EA634A600FB9829 /* RainyShinyTests.xctest */ = {isa = PBXFileReference; explicitFileType = wrapper.cfbundle; includeInIndex = 0; path = RainyShinyTests.xctest; sourceTree = BUILT_PRODUCTS_DIR; };
		D7F5E3961EA634A600FB9829 /* RainyShinyTests.swift */ = {isa = PBXFileReference; lastKnownFileType = sourcecode.swift; path = RainyShinyTests.swift; sourceTree = "<group>"; };
		D7F5E3981EA634A600FB9829 /* Info.plist */ = {isa = PBXFileReference; lastKnownFileType = text.plist.xml; path = Info.plist; sourceTree = "<group>"; };
		D7F5E39D1EA634A600FB9829 /* RainyShinyUITests.xctest */ = {isa = PBXFileReference; explicitFileType = wrapper.cfbundle; includeInIndex = 0; path = RainyShinyUITests.xctest; sourceTree = BUILT_PRODUCTS_DIR; };
		D7F5E3A11EA634A600FB9829 /* RainyShinyUITests.swift */ = {isa = PBXFileReference; lastKnownFileType = sourcecode.swift; path = RainyShinyUITests.swift; sourceTree = "<group>"; };
		D7F5E3A31EA634A600FB9829 /* Info.plist */ = {isa = PBXFileReference; lastKnownFileType = text.plist.xml; path = Info.plist; sourceTree = "<group>"; };
/* End PBXFileReference section */

/* Begin PBXFrameworksBuildPhase section */
		D7F5E37B1EA634A500FB9829 /* Frameworks */ = {
			isa = PBXFrameworksBuildPhase;
			buildActionMask = 2147483647;
			files = (
				B13697B7EBBF7A724D86F018 /* Pods_RainyShiny.framework in Frameworks */,
			);
			runOnlyForDeploymentPostprocessing = 0;
		};
		D7F5E38F1EA634A600FB9829 /* Frameworks */ = {
			isa = PBXFrameworksBuildPhase;
			buildActionMask = 2147483647;
			files = (
			);
			runOnlyForDeploymentPostprocessing = 0;
		};
		D7F5E39A1EA634A600FB9829 /* Frameworks */ = {
			isa = PBXFrameworksBuildPhase;
			buildActionMask = 2147483647;
			files = (
			);
			runOnlyForDeploymentPostprocessing = 0;
		};
/* End PBXFrameworksBuildPhase section */

/* Begin PBXGroup section */
		A632593D57167678F8CE3B72 /* Pods */ = {
			isa = PBXGroup;
			children = (
				BA21554E6EB30C3A51FE8D36 /* Pods-RainyShiny.debug.xcconfig */,
				5F61BC8137592F8E2DB5D435 /* Pods-RainyShiny.release.xcconfig */,
			);
			name = Pods;
			sourceTree = "<group>";
		};
		D7F5E3751EA634A500FB9829 = {
			isa = PBXGroup;
			children = (
				D7F5E3801EA634A600FB9829 /* RainyShiny */,
				D7F5E3951EA634A600FB9829 /* RainyShinyTests */,
				D7F5E3A01EA634A600FB9829 /* RainyShinyUITests */,
				D7F5E37F1EA634A600FB9829 /* Products */,
				A632593D57167678F8CE3B72 /* Pods */,
				EE049DD4A9D97A62BFC95833 /* Frameworks */,
			);
			sourceTree = "<group>";
		};
		D7F5E37F1EA634A600FB9829 /* Products */ = {
			isa = PBXGroup;
			children = (
				D7F5E37E1EA634A600FB9829 /* RainyShiny.app */,
				D7F5E3921EA634A600FB9829 /* RainyShinyTests.xctest */,
				D7F5E39D1EA634A600FB9829 /* RainyShinyUITests.xctest */,
			);
			name = Products;
			sourceTree = "<group>";
		};
		D7F5E3801EA634A600FB9829 /* RainyShiny */ = {
			isa = PBXGroup;
			children = (
				D7F5E3811EA634A600FB9829 /* AppDelegate.swift */,
				D7F5E3831EA634A600FB9829 /* WeatherVC.swift */,
				D7F5E3851EA634A600FB9829 /* Main.storyboard */,
				D7F5E3881EA634A600FB9829 /* Assets.xcassets */,
				D7F5E38A1EA634A600FB9829 /* LaunchScreen.storyboard */,
				D7F5E38D1EA634A600FB9829 /* Info.plist */,
				D78B0B381EA77FC0000E339F /* Constants.swift */,
				D78B0B3A1EA7845D000E339F /* CurrentWeather.swift */,
			);
			path = RainyShiny;
			sourceTree = "<group>";
		};
		D7F5E3951EA634A600FB9829 /* RainyShinyTests */ = {
			isa = PBXGroup;
			children = (
				D7F5E3961EA634A600FB9829 /* RainyShinyTests.swift */,
				D7F5E3981EA634A600FB9829 /* Info.plist */,
			);
			path = RainyShinyTests;
			sourceTree = "<group>";
		};
		D7F5E3A01EA634A600FB9829 /* RainyShinyUITests */ = {
			isa = PBXGroup;
			children = (
				D7F5E3A11EA634A600FB9829 /* RainyShinyUITests.swift */,
				D7F5E3A31EA634A600FB9829 /* Info.plist */,
			);
			path = RainyShinyUITests;
			sourceTree = "<group>";
		};
		EE049DD4A9D97A62BFC95833 /* Frameworks */ = {
			isa = PBXGroup;
			children = (
				C6832AB85115E085ACCC70A8 /* Pods_RainyShiny.framework */,
			);
			name = Frameworks;
			sourceTree = "<group>";
		};
/* End PBXGroup section */

/* Begin PBXNativeTarget section */
		D7F5E37D1EA634A500FB9829 /* RainyShiny */ = {
			isa = PBXNativeTarget;
			buildConfigurationList = D7F5E3A61EA634A600FB9829 /* Build configuration list for PBXNativeTarget "RainyShiny" */;
			buildPhases = (
				0DB3E6E99F29779701DE0EF1 /* [CP] Check Pods Manifest.lock */,
				D7F5E37A1EA634A500FB9829 /* Sources */,
				D7F5E37B1EA634A500FB9829 /* Frameworks */,
				D7F5E37C1EA634A500FB9829 /* Resources */,
				C6895B2140C9D785583E9FF1 /* [CP] Embed Pods Frameworks */,
				E8D587059E9673DB0789DAAF /* [CP] Copy Pods Resources */,
			);
			buildRules = (
			);
			dependencies = (
			);
			name = RainyShiny;
			productName = RainyShiny;
			productReference = D7F5E37E1EA634A600FB9829 /* RainyShiny.app */;
			productType = "com.apple.product-type.application";
		};
		D7F5E3911EA634A600FB9829 /* RainyShinyTests */ = {
			isa = PBXNativeTarget;
			buildConfigurationList = D7F5E3A91EA634A600FB9829 /* Build configuration list for PBXNativeTarget "RainyShinyTests" */;
			buildPhases = (
				D7F5E38E1EA634A600FB9829 /* Sources */,
				D7F5E38F1EA634A600FB9829 /* Frameworks */,
				D7F5E3901EA634A600FB9829 /* Resources */,
			);
			buildRules = (
			);
			dependencies = (
				D7F5E3941EA634A600FB9829 /* PBXTargetDependency */,
			);
			name = RainyShinyTests;
			productName = RainyShinyTests;
			productReference = D7F5E3921EA634A600FB9829 /* RainyShinyTests.xctest */;
			productType = "com.apple.product-type.bundle.unit-test";
		};
		D7F5E39C1EA634A600FB9829 /* RainyShinyUITests */ = {
			isa = PBXNativeTarget;
			buildConfigurationList = D7F5E3AC1EA634A600FB9829 /* Build configuration list for PBXNativeTarget "RainyShinyUITests" */;
			buildPhases = (
				D7F5E3991EA634A600FB9829 /* Sources */,
				D7F5E39A1EA634A600FB9829 /* Frameworks */,
				D7F5E39B1EA634A600FB9829 /* Resources */,
			);
			buildRules = (
			);
			dependencies = (
				D7F5E39F1EA634A600FB9829 /* PBXTargetDependency */,
			);
			name = RainyShinyUITests;
			productName = RainyShinyUITests;
			productReference = D7F5E39D1EA634A600FB9829 /* RainyShinyUITests.xctest */;
			productType = "com.apple.product-type.bundle.ui-testing";
		};
/* End PBXNativeTarget section */

/* Begin PBXProject section */
		D7F5E3761EA634A500FB9829 /* Project object */ = {
			isa = PBXProject;
			attributes = {
				LastSwiftUpdateCheck = 0820;
				LastUpgradeCheck = 0820;
				ORGANIZATIONNAME = "Aji Saputra Raka Siwi";
				TargetAttributes = {
					D7F5E37D1EA634A500FB9829 = {
						CreatedOnToolsVersion = 8.2.1;
						DevelopmentTeam = 9Y224ZS8GH;
						ProvisioningStyle = Automatic;
					};
					D7F5E3911EA634A600FB9829 = {
						CreatedOnToolsVersion = 8.2.1;
						DevelopmentTeam = 9Y224ZS8GH;
						ProvisioningStyle = Automatic;
						TestTargetID = D7F5E37D1EA634A500FB9829;
					};
					D7F5E39C1EA634A600FB9829 = {
						CreatedOnToolsVersion = 8.2.1;
						DevelopmentTeam = 9Y224ZS8GH;
						ProvisioningStyle = Automatic;
						TestTargetID = D7F5E37D1EA634A500FB9829;
					};
				};
			};
			buildConfigurationList = D7F5E3791EA634A500FB9829 /* Build configuration list for PBXProject "RainyShiny" */;
			compatibilityVersion = "Xcode 3.2";
			developmentRegion = English;
			hasScannedForEncodings = 0;
			knownRegions = (
				en,
				Base,
			);
			mainGroup = D7F5E3751EA634A500FB9829;
			productRefGroup = D7F5E37F1EA634A600FB9829 /* Products */;
			projectDirPath = "";
			projectRoot = "";
			targets = (
				D7F5E37D1EA634A500FB9829 /* RainyShiny */,
				D7F5E3911EA634A600FB9829 /* RainyShinyTests */,
				D7F5E39C1EA634A600FB9829 /* RainyShinyUITests */,
			);
		};
/* End PBXProject section */

/* Begin PBXResourcesBuildPhase section */
		D7F5E37C1EA634A500FB9829 /* Resources */ = {
			isa = PBXResourcesBuildPhase;
			buildActionMask = 2147483647;
			files = (
				D7F5E38C1EA634A600FB9829 /* LaunchScreen.storyboard in Resources */,
				D7F5E3891EA634A600FB9829 /* Assets.xcassets in Resources */,
				D7F5E3871EA634A600FB9829 /* Main.storyboard in Resources */,
			);
			runOnlyForDeploymentPostprocessing = 0;
		};
		D7F5E3901EA634A600FB9829 /* Resources */ = {
			isa = PBXResourcesBuildPhase;
			buildActionMask = 2147483647;
			files = (
			);
			runOnlyForDeploymentPostprocessing = 0;
		};
		D7F5E39B1EA634A600FB9829 /* Resources */ = {
			isa = PBXResourcesBuildPhase;
			buildActionMask = 2147483647;
			files = (
			);
			runOnlyForDeploymentPostprocessing = 0;
		};
/* End PBXResourcesBuildPhase section */

/* Begin PBXShellScriptBuildPhase section */
		0DB3E6E99F29779701DE0EF1 /* [CP] Check Pods Manifest.lock */ = {
			isa = PBXShellScriptBuildPhase;
			buildActionMask = 2147483647;
			files = (
			);
			inputPaths = (
			);
			name = "[CP] Check Pods Manifest.lock";
			outputPaths = (
			);
			runOnlyForDeploymentPostprocessing = 0;
			shellPath = /bin/sh;
			shellScript = "diff \"${PODS_PODFILE_DIR_PATH}/Podfile.lock\" \"${PODS_ROOT}/Manifest.lock\" > /dev/null\nif [ $? != 0 ] ; then\n    # print error to STDERR\n    echo \"error: The sandbox is not in sync with the Podfile.lock. Run 'pod install' or update your CocoaPods installation.\" >&2\n    exit 1\nfi\n";
			showEnvVarsInLog = 0;
		};
		C6895B2140C9D785583E9FF1 /* [CP] Embed Pods Frameworks */ = {
			isa = PBXShellScriptBuildPhase;
			buildActionMask = 2147483647;
			files = (
			);
			inputPaths = (
			);
			name = "[CP] Embed Pods Frameworks";
			outputPaths = (
			);
			runOnlyForDeploymentPostprocessing = 0;
			shellPath = /bin/sh;
			shellScript = "\"${SRCROOT}/Pods/Target Support Files/Pods-RainyShiny/Pods-RainyShiny-frameworks.sh\"\n";
			showEnvVarsInLog = 0;
		};
		E8D587059E9673DB0789DAAF /* [CP] Copy Pods Resources */ = {
			isa = PBXShellScriptBuildPhase;
			buildActionMask = 2147483647;
			files = (
			);
			inputPaths = (
			);
			name = "[CP] Copy Pods Resources";
			outputPaths = (
			);
			runOnlyForDeploymentPostprocessing = 0;
			shellPath = /bin/sh;
			shellScript = "\"${SRCROOT}/Pods/Target Support Files/Pods-RainyShiny/Pods-RainyShiny-resources.sh\"\n";
			showEnvVarsInLog = 0;
		};
/* End PBXShellScriptBuildPhase section */

/* Begin PBXSourcesBuildPhase section */
		D7F5E37A1EA634A500FB9829 /* Sources */ = {
			isa = PBXSourcesBuildPhase;
			buildActionMask = 2147483647;
			files = (
				D7F5E3841EA634A600FB9829 /* WeatherVC.swift in Sources */,
				D7F5E3821EA634A600FB9829 /* AppDelegate.swift in Sources */,
				D78B0B3B1EA7845D000E339F /* CurrentWeather.swift in Sources */,
				D78B0B391EA77FC0000E339F /* Constants.swift in Sources */,
			);
			runOnlyForDeploymentPostprocessing = 0;
		};
		D7F5E38E1EA634A600FB9829 /* Sources */ = {
			isa = PBXSourcesBuildPhase;
			buildActionMask = 2147483647;
			files = (
				D7F5E3971EA634A600FB9829 /* RainyShinyTests.swift in Sources */,
			);
			runOnlyForDeploymentPostprocessing = 0;
		};
		D7F5E3991EA634A600FB9829 /* Sources */ = {
			isa = PBXSourcesBuildPhase;
			buildActionMask = 2147483647;
			files = (
				D7F5E3A21EA634A600FB9829 /* RainyShinyUITests.swift in Sources */,
			);
			runOnlyForDeploymentPostprocessing = 0;
		};
/* End PBXSourcesBuildPhase section */

/* Begin PBXTargetDependency section */
		D7F5E3941EA634A600FB9829 /* PBXTargetDependency */ = {
			isa = PBXTargetDependency;
			target = D7F5E37D1EA634A500FB9829 /* RainyShiny */;
			targetProxy = D7F5E3931EA634A600FB9829 /* PBXContainerItemProxy */;
		};
		D7F5E39F1EA634A600FB9829 /* PBXTargetDependency */ = {
			isa = PBXTargetDependency;
			target = D7F5E37D1EA634A500FB9829 /* RainyShiny */;
			targetProxy = D7F5E39E1EA634A600FB9829 /* PBXContainerItemProxy */;
		};
/* End PBXTargetDependency section */

/* Begin PBXVariantGroup section */
		D7F5E3851EA634A600FB9829 /* Main.storyboard */ = {
			isa = PBXVariantGroup;
			children = (
				D7F5E3861EA634A600FB9829 /* Base */,
			);
			name = Main.storyboard;
			sourceTree = "<group>";
		};
		D7F5E38A1EA634A600FB9829 /* LaunchScreen.storyboard */ = {
			isa = PBXVariantGroup;
			children = (
				D7F5E38B1EA634A600FB9829 /* Base */,
			);
			name = LaunchScreen.storyboard;
			sourceTree = "<group>";
		};
/* End PBXVariantGroup section */

/* Begin XCBuildConfiguration section */
		D7F5E3A41EA634A600FB9829 /* Debug */ = {
			isa = XCBuildConfiguration;
			buildSettings = {
				ALWAYS_SEARCH_USER_PATHS = NO;
				CLANG_ANALYZER_NONNULL = YES;
				CLANG_CXX_LANGUAGE_STANDARD = "gnu++0x";
				CLANG_CXX_LIBRARY = "libc++";
				CLANG_ENABLE_MODULES = YES;
				CLANG_ENABLE_OBJC_ARC = YES;
				CLANG_WARN_BOOL_CONVERSION = YES;
				CLANG_WARN_CONSTANT_CONVERSION = YES;
				CLANG_WARN_DIRECT_OBJC_ISA_USAGE = YES_ERROR;
				CLANG_WARN_DOCUMENTATION_COMMENTS = YES;
				CLANG_WARN_EMPTY_BODY = YES;
				CLANG_WARN_ENUM_CONVERSION = YES;
				CLANG_WARN_INFINITE_RECURSION = YES;
				CLANG_WARN_INT_CONVERSION = YES;
				CLANG_WARN_OBJC_ROOT_CLASS = YES_ERROR;
				CLANG_WARN_SUSPICIOUS_MOVE = YES;
				CLANG_WARN_UNREACHABLE_CODE = YES;
				CLANG_WARN__DUPLICATE_METHOD_MATCH = YES;
				"CODE_SIGN_IDENTITY[sdk=iphoneos*]" = "iPhone Developer";
				COPY_PHASE_STRIP = NO;
				DEBUG_INFORMATION_FORMAT = dwarf;
				ENABLE_STRICT_OBJC_MSGSEND = YES;
				ENABLE_TESTABILITY = YES;
				GCC_C_LANGUAGE_STANDARD = gnu99;
				GCC_DYNAMIC_NO_PIC = NO;
				GCC_NO_COMMON_BLOCKS = YES;
				GCC_OPTIMIZATION_LEVEL = 0;
				GCC_PREPROCESSOR_DEFINITIONS = (
					"DEBUG=1",
					"$(inherited)",
				);
				GCC_WARN_64_TO_32_BIT_CONVERSION = YES;
				GCC_WARN_ABOUT_RETURN_TYPE = YES_ERROR;
				GCC_WARN_UNDECLARED_SELECTOR = YES;
				GCC_WARN_UNINITIALIZED_AUTOS = YES_AGGRESSIVE;
				GCC_WARN_UNUSED_FUNCTION = YES;
				GCC_WARN_UNUSED_VARIABLE = YES;
				IPHONEOS_DEPLOYMENT_TARGET = 10.2;
				MTL_ENABLE_DEBUG_INFO = YES;
				ONLY_ACTIVE_ARCH = YES;
				SDKROOT = iphoneos;
				SWIFT_ACTIVE_COMPILATION_CONDITIONS = DEBUG;
				SWIFT_OPTIMIZATION_LEVEL = "-Onone";
				TARGETED_DEVICE_FAMILY = "1,2";
			};
			name = Debug;
		};
		D7F5E3A51EA634A600FB9829 /* Release */ = {
			isa = XCBuildConfiguration;
			buildSettings = {
				ALWAYS_SEARCH_USER_PATHS = NO;
				CLANG_ANALYZER_NONNULL = YES;
				CLANG_CXX_LANGUAGE_STANDARD = "gnu++0x";
				CLANG_CXX_LIBRARY = "libc++";
				CLANG_ENABLE_MODULES = YES;
				CLANG_ENABLE_OBJC_ARC = YES;
				CLANG_WARN_BOOL_CONVERSION = YES;
				CLANG_WARN_CONSTANT_CONVERSION = YES;
				CLANG_WARN_DIRECT_OBJC_ISA_USAGE = YES_ERROR;
				CLANG_WARN_DOCUMENTATION_COMMENTS = YES;
				CLANG_WARN_EMPTY_BODY = YES;
				CLANG_WARN_ENUM_CONVERSION = YES;
				CLANG_WARN_INFINITE_RECURSION = YES;
				CLANG_WARN_INT_CONVERSION = YES;
				CLANG_WARN_OBJC_ROOT_CLASS = YES_ERROR;
				CLANG_WARN_SUSPICIOUS_MOVE = YES;
				CLANG_WARN_UNREACHABLE_CODE = YES;
				CLANG_WARN__DUPLICATE_METHOD_MATCH = YES;
				"CODE_SIGN_IDENTITY[sdk=iphoneos*]" = "iPhone Developer";
				COPY_PHASE_STRIP = NO;
				DEBUG_INFORMATION_FORMAT = "dwarf-with-dsym";
				ENABLE_NS_ASSERTIONS = NO;
				ENABLE_STRICT_OBJC_MSGSEND = YES;
				GCC_C_LANGUAGE_STANDARD = gnu99;
				GCC_NO_COMMON_BLOCKS = YES;
				GCC_WARN_64_TO_32_BIT_CONVERSION = YES;
				GCC_WARN_ABOUT_RETURN_TYPE = YES_ERROR;
				GCC_WARN_UNDECLARED_SELECTOR = YES;
				GCC_WARN_UNINITIALIZED_AUTOS = YES_AGGRESSIVE;
				GCC_WARN_UNUSED_FUNCTION = YES;
				GCC_WARN_UNUSED_VARIABLE = YES;
				IPHONEOS_DEPLOYMENT_TARGET = 10.2;
				MTL_ENABLE_DEBUG_INFO = NO;
				SDKROOT = iphoneos;
				SWIFT_OPTIMIZATION_LEVEL = "-Owholemodule";
				TARGETED_DEVICE_FAMILY = "1,2";
				VALIDATE_PRODUCT = YES;
			};
			name = Release;
		};
		D7F5E3A71EA634A600FB9829 /* Debug */ = {
			isa = XCBuildConfiguration;
			baseConfigurationReference = BA21554E6EB30C3A51FE8D36 /* Pods-RainyShiny.debug.xcconfig */;
			buildSettings = {
				ASSETCATALOG_COMPILER_APPICON_NAME = AppIcon;
				DEVELOPMENT_TEAM = 9Y224ZS8GH;
				INFOPLIST_FILE = RainyShiny/Info.plist;
				LD_RUNPATH_SEARCH_PATHS = "$(inherited) @executable_path/Frameworks";
				PRODUCT_BUNDLE_IDENTIFIER = com.ajisaputrars.RainyShiny;
				PRODUCT_NAME = "$(TARGET_NAME)";
				SWIFT_VERSION = 3.0;
				TARGETED_DEVICE_FAMILY = 1;
			};
			name = Debug;
		};
		D7F5E3A81EA634A600FB9829 /* Release */ = {
			isa = XCBuildConfiguration;
			baseConfigurationReference = 5F61BC8137592F8E2DB5D435 /* Pods-RainyShiny.release.xcconfig */;
			buildSettings = {
				ASSETCATALOG_COMPILER_APPICON_NAME = AppIcon;
				DEVELOPMENT_TEAM = 9Y224ZS8GH;
				INFOPLIST_FILE = RainyShiny/Info.plist;
				LD_RUNPATH_SEARCH_PATHS = "$(inherited) @executable_path/Frameworks";
				PRODUCT_BUNDLE_IDENTIFIER = com.ajisaputrars.RainyShiny;
				PRODUCT_NAME = "$(TARGET_NAME)";
				SWIFT_VERSION = 3.0;
				TARGETED_DEVICE_FAMILY = 1;
			};
			name = Release;
		};
		D7F5E3AA1EA634A600FB9829 /* Debug */ = {
			isa = XCBuildConfiguration;
			buildSettings = {
				ALWAYS_EMBED_SWIFT_STANDARD_LIBRARIES = YES;
				BUNDLE_LOADER = "$(TEST_HOST)";
				DEVELOPMENT_TEAM = 9Y224ZS8GH;
				INFOPLIST_FILE = RainyShinyTests/Info.plist;
				LD_RUNPATH_SEARCH_PATHS = "$(inherited) @executable_path/Frameworks @loader_path/Frameworks";
				PRODUCT_BUNDLE_IDENTIFIER = com.ajisaputrars.RainyShinyTests;
				PRODUCT_NAME = "$(TARGET_NAME)";
				SWIFT_VERSION = 3.0;
				TEST_HOST = "$(BUILT_PRODUCTS_DIR)/RainyShiny.app/RainyShiny";
			};
			name = Debug;
		};
		D7F5E3AB1EA634A600FB9829 /* Release */ = {
			isa = XCBuildConfiguration;
			buildSettings = {
				ALWAYS_EMBED_SWIFT_STANDARD_LIBRARIES = YES;
				BUNDLE_LOADER = "$(TEST_HOST)";
				DEVELOPMENT_TEAM = 9Y224ZS8GH;
				INFOPLIST_FILE = RainyShinyTests/Info.plist;
				LD_RUNPATH_SEARCH_PATHS = "$(inherited) @executable_path/Frameworks @loader_path/Frameworks";
				PRODUCT_BUNDLE_IDENTIFIER = com.ajisaputrars.RainyShinyTests;
				PRODUCT_NAME = "$(TARGET_NAME)";
				SWIFT_VERSION = 3.0;
				TEST_HOST = "$(BUILT_PRODUCTS_DIR)/RainyShiny.app/RainyShiny";
			};
			name = Release;
		};
		D7F5E3AD1EA634A600FB9829 /* Debug */ = {
			isa = XCBuildConfiguration;
			buildSettings = {
				ALWAYS_EMBED_SWIFT_STANDARD_LIBRARIES = YES;
				DEVELOPMENT_TEAM = 9Y224ZS8GH;
				INFOPLIST_FILE = RainyShinyUITests/Info.plist;
				LD_RUNPATH_SEARCH_PATHS = "$(inherited) @executable_path/Frameworks @loader_path/Frameworks";
				PRODUCT_BUNDLE_IDENTIFIER = com.ajisaputrars.RainyShinyUITests;
				PRODUCT_NAME = "$(TARGET_NAME)";
				SWIFT_VERSION = 3.0;
				TEST_TARGET_NAME = RainyShiny;
			};
			name = Debug;
		};
		D7F5E3AE1EA634A600FB9829 /* Release */ = {
			isa = XCBuildConfiguration;
			buildSettings = {
				ALWAYS_EMBED_SWIFT_STANDARD_LIBRARIES = YES;
				DEVELOPMENT_TEAM = 9Y224ZS8GH;
				INFOPLIST_FILE = RainyShinyUITests/Info.plist;
				LD_RUNPATH_SEARCH_PATHS = "$(inherited) @executable_path/Frameworks @loader_path/Frameworks";
				PRODUCT_BUNDLE_IDENTIFIER = com.ajisaputrars.RainyShinyUITests;
				PRODUCT_NAME = "$(TARGET_NAME)";
				SWIFT_VERSION = 3.0;
				TEST_TARGET_NAME = RainyShiny;
			};
			name = Release;
		};
/* End XCBuildConfiguration section */

/* Begin XCConfigurationList section */
		D7F5E3791EA634A500FB9829 /* Build configuration list for PBXProject "RainyShiny" */ = {
			isa = XCConfigurationList;
			buildConfigurations = (
				D7F5E3A41EA634A600FB9829 /* Debug */,
				D7F5E3A51EA634A600FB9829 /* Release */,
			);
			defaultConfigurationIsVisible = 0;
			defaultConfigurationName = Release;
		};
		D7F5E3A61EA634A600FB9829 /* Build configuration list for PBXNativeTarget "RainyShiny" */ = {
			isa = XCConfigurationList;
			buildConfigurations = (
				D7F5E3A71EA634A600FB9829 /* Debug */,
				D7F5E3A81EA634A600FB9829 /* Release */,
			);
			defaultConfigurationIsVisible = 0;
			defaultConfigurationName = Release;
		};
		D7F5E3A91EA634A600FB9829 /* Build configuration list for PBXNativeTarget "RainyShinyTests" */ = {
			isa = XCConfigurationList;
			buildConfigurations = (
				D7F5E3AA1EA634A600FB9829 /* Debug */,
				D7F5E3AB1EA634A600FB9829 /* Release */,
			);
			defaultConfigurationIsVisible = 0;
			defaultConfigurationName = Release;
		};
		D7F5E3AC1EA634A600FB9829 /* Build configuration list for PBXNativeTarget "RainyShinyUITests" */ = {
			isa = XCConfigurationList;
			buildConfigurations = (
				D7F5E3AD1EA634A600FB9829 /* Debug */,
				D7F5E3AE1EA634A600FB9829 /* Release */,
			);
			defaultConfigurationIsVisible = 0;
			defaultConfigurationName = Release;
		};
/* End XCConfigurationList section */
	};
	rootObject = D7F5E3761EA634A500FB9829 /* Project object */;
}
